
Microsoft Visual Studio Solution File, Format Version 12.00
# Visual Studio 15
VisualStudioVersion = 15.0.27130.2020
MinimumVisualStudioVersion = 10.0.40219.1
Project("{8BC9CEB8-8B4A-11D0-8D11-00A0C91BC942}") = "Mingine", "Mingine\Mingine.vcxproj", "{15B19672-3926-49F6-9AEE-FD51876434E7}"
EndProject
Global
	GlobalSection(SolutionConfigurationPlatforms) = preSolution
		Debug|x86 = Debug|x86
		Release|x86 = Release|x86
	EndGlobalSection
	GlobalSection(ProjectConfigurationPlatforms) = postSolution
		{15B19672-3926-49F6-9AEE-FD51876434E7}.Debug|x86.ActiveCfg = Debug|Win32
		{15B19672-3926-49F6-9AEE-FD51876434E7}.Debug|x86.Build.0 = Debug|Win32
		{15B19672-3926-49F6-9AEE-FD51876434E7}.Release|x86.ActiveCfg = Release|Win32
		{15B19672-3926-49F6-9AEE-FD51876434E7}.Release|x86.Build.0 = Release|Win32
	EndGlobalSection
	GlobalSection(SolutionProperties) = preSolution
		HideSolutionNode = FALSE
	EndGlobalSection
	GlobalSection(ExtensibilityGlobals) = postSolution
		SolutionGuid = {E912AE14-37EE-4713-8F4E-BEF5AAC93404}
	EndGlobalSection
EndGlobal
